
Microsoft Visual Studio Solution File, Format Version 12.00
# Visual Studio Version 16
VisualStudioVersion = 16.0.31702.278
MinimumVisualStudioVersion = 10.0.40219.1
Project("{FAE04EC0-301F-11D3-BF4B-00C04F79EFBC}") = "C-Task-1.7.2", "C-Task-1.7.2\C-Task-1.7.2.csproj", "{CEB50FB5-3F35-4AFF-82D3-D999F01F10F0}"
EndProject
Global
	GlobalSection(SolutionConfigurationPlatforms) = preSolution
		Debug|Any CPU = Debug|Any CPU
		Release|Any CPU = Release|Any CPU
	EndGlobalSection
	GlobalSection(ProjectConfigurationPlatforms) = postSolution
		{CEB50FB5-3F35-4AFF-82D3-D999F01F10F0}.Debug|Any CPU.ActiveCfg = Debug|Any CPU
		{CEB50FB5-3F35-4AFF-82D3-D999F01F10F0}.Debug|Any CPU.Build.0 = Debug|Any CPU
		{CEB50FB5-3F35-4AFF-82D3-D999F01F10F0}.Release|Any CPU.ActiveCfg = Release|Any CPU
		{CEB50FB5-3F35-4AFF-82D3-D999F01F10F0}.Release|Any CPU.Build.0 = Release|Any CPU
	EndGlobalSection
	GlobalSection(SolutionProperties) = preSolution
		HideSolutionNode = FALSE
	EndGlobalSection
	GlobalSection(ExtensibilityGlobals) = postSolution
		SolutionGuid = {B44CF459-78DB-475B-8C4D-FD11404D8FFD}
	EndGlobalSection
EndGlobal
